
Microsoft Visual Studio Solution File, Format Version 12.00
# Visual Studio Version 17
VisualStudioVersion = 17.11.35312.102
MinimumVisualStudioVersion = 10.0.40219.1
Project("{9A19103F-16F7-4668-BE54-9A1E7A4F7556}") = "SmartHomeMAUIApp", "SmartHomeMAUIApp\SmartHomeMAUIApp.csproj", "{65A0F809-CA6C-4644-98F4-5E48F2F122BF}"
EndProject
Project("{9A19103F-16F7-4668-BE54-9A1E7A4F7556}") = "Shared", "Shared\Shared.csproj", "{2BFFDB8B-DF73-4B04-87E2-455828D6DECB}"
EndProject
Project("{9A19103F-16F7-4668-BE54-9A1E7A4F7556}") = "DeviceRemovedAzureFunctions", "DeviceRemovedAzureFunctions\DeviceRemovedAzureFunctions.csproj", "{BD377F87-E0F8-4DE3-9494-DA7F0434F0D7}"
EndProject
Global
	GlobalSection(SolutionConfigurationPlatforms) = preSolution
		Debug|Any CPU = Debug|Any CPU
		Release|Any CPU = Release|Any CPU
	EndGlobalSection
	GlobalSection(ProjectConfigurationPlatforms) = postSolution
		{65A0F809-CA6C-4644-98F4-5E48F2F122BF}.Debug|Any CPU.ActiveCfg = Debug|Any CPU
		{65A0F809-CA6C-4644-98F4-5E48F2F122BF}.Debug|Any CPU.Build.0 = Debug|Any CPU
		{65A0F809-CA6C-4644-98F4-5E48F2F122BF}.Debug|Any CPU.Deploy.0 = Debug|Any CPU
		{65A0F809-CA6C-4644-98F4-5E48F2F122BF}.Release|Any CPU.ActiveCfg = Release|Any CPU
		{65A0F809-CA6C-4644-98F4-5E48F2F122BF}.Release|Any CPU.Build.0 = Release|Any CPU
		{65A0F809-CA6C-4644-98F4-5E48F2F122BF}.Release|Any CPU.Deploy.0 = Release|Any CPU
		{2BFFDB8B-DF73-4B04-87E2-455828D6DECB}.Debug|Any CPU.ActiveCfg = Debug|Any CPU
		{2BFFDB8B-DF73-4B04-87E2-455828D6DECB}.Debug|Any CPU.Build.0 = Debug|Any CPU
		{2BFFDB8B-DF73-4B04-87E2-455828D6DECB}.Release|Any CPU.ActiveCfg = Release|Any CPU
		{2BFFDB8B-DF73-4B04-87E2-455828D6DECB}.Release|Any CPU.Build.0 = Release|Any CPU
		{BD377F87-E0F8-4DE3-9494-DA7F0434F0D7}.Debug|Any CPU.ActiveCfg = Debug|Any CPU
		{BD377F87-E0F8-4DE3-9494-DA7F0434F0D7}.Debug|Any CPU.Build.0 = Debug|Any CPU
		{BD377F87-E0F8-4DE3-9494-DA7F0434F0D7}.Release|Any CPU.ActiveCfg = Release|Any CPU
		{BD377F87-E0F8-4DE3-9494-DA7F0434F0D7}.Release|Any CPU.Build.0 = Release|Any CPU
	EndGlobalSection
	GlobalSection(SolutionProperties) = preSolution
		HideSolutionNode = FALSE
	EndGlobalSection
	GlobalSection(ExtensibilityGlobals) = postSolution
		SolutionGuid = {DAD50058-453E-4F9D-AB51-3659174EBDF3}
	EndGlobalSection
EndGlobal
